// !$*UTF8*$!
{
	archiveVersion = 1;
	classes = {
	};
	objectVersion = 54;
	objects = {

/* Begin PBXBuildFile section */
		48930577D6A567267106FAD3 /* Pods_Weather.framework in Frameworks */ = {isa = PBXBuildFile; fileRef = F960DCA40D91851FB5D7D5B0 /* Pods_Weather.framework */; };
		49044E0326302F8F0061A719 /* AppDelegate.swift in Sources */ = {isa = PBXBuildFile; fileRef = 49044E0226302F8F0061A719 /* AppDelegate.swift */; };
		49044E0526302F8F0061A719 /* SceneDelegate.swift in Sources */ = {isa = PBXBuildFile; fileRef = 49044E0426302F8F0061A719 /* SceneDelegate.swift */; };
		49044E0726302F8F0061A719 /* MapViewController.swift in Sources */ = {isa = PBXBuildFile; fileRef = 49044E0626302F8F0061A719 /* MapViewController.swift */; };
		49044E0C26302F900061A719 /* Assets.xcassets in Resources */ = {isa = PBXBuildFile; fileRef = 49044E0B26302F900061A719 /* Assets.xcassets */; };
		49044E0F26302F900061A719 /* LaunchScreen.storyboard in Resources */ = {isa = PBXBuildFile; fileRef = 49044E0D26302F900061A719 /* LaunchScreen.storyboard */; };
		49044E182630314B0061A719 /* APIKey.swift in Sources */ = {isa = PBXBuildFile; fileRef = 49044E172630314B0061A719 /* APIKey.swift */; };
		49044E2C2630500F0061A719 /* MapViewModel.swift in Sources */ = {isa = PBXBuildFile; fileRef = 49044E2B2630500F0061A719 /* MapViewModel.swift */; };
		49044E32263051FD0061A719 /* StartCoordinate.swift in Sources */ = {isa = PBXBuildFile; fileRef = 49044E31263051FD0061A719 /* StartCoordinate.swift */; };
		491E9E6C263E9F14009AB46E /* MapViewModelType.swift in Sources */ = {isa = PBXBuildFile; fileRef = 491E9E6B263E9F14009AB46E /* MapViewModelType.swift */; };
		491E9E70263EA3D4009AB46E /* AlerService.swift in Sources */ = {isa = PBXBuildFile; fileRef = 491E9E6F263EA3D4009AB46E /* AlerService.swift */; };
		491E9E73263ED7E5009AB46E /* WeatherIcon.swift in Sources */ = {isa = PBXBuildFile; fileRef = 491E9E72263ED7E5009AB46E /* WeatherIcon.swift */; };
		491E9E76263ED7F6009AB46E /* WeatherMain.swift in Sources */ = {isa = PBXBuildFile; fileRef = 491E9E75263ED7F6009AB46E /* WeatherMain.swift */; };
		491E9E7A263ED811009AB46E /* WeatherWind.swift in Sources */ = {isa = PBXBuildFile; fileRef = 491E9E79263ED811009AB46E /* WeatherWind.swift */; };
		491E9E7D263ED830009AB46E /* Icon.swift in Sources */ = {isa = PBXBuildFile; fileRef = 491E9E7C263ED830009AB46E /* Icon.swift */; };
		491E9E80263ED84D009AB46E /* WeatherImage.swift in Sources */ = {isa = PBXBuildFile; fileRef = 491E9E7F263ED84D009AB46E /* WeatherImage.swift */; };
		491E9E85263EDF21009AB46E /* CLLocation.swift in Sources */ = {isa = PBXBuildFile; fileRef = 491E9E84263EDF21009AB46E /* CLLocation.swift */; };
		4987583926395FC700FBC3F3 /* WeatherViewModelType.swift in Sources */ = {isa = PBXBuildFile; fileRef = 4987583826395FC700FBC3F3 /* WeatherViewModelType.swift */; };
		4987583C263960F100FBC3F3 /* WeatherViewModel.swift in Sources */ = {isa = PBXBuildFile; fileRef = 4987583B263960F100FBC3F3 /* WeatherViewModel.swift */; };
		498758402639621F00FBC3F3 /* Router.swift in Sources */ = {isa = PBXBuildFile; fileRef = 4987583F2639621F00FBC3F3 /* Router.swift */; };
		498758432639642200FBC3F3 /* ServiceLayer.swift in Sources */ = {isa = PBXBuildFile; fileRef = 498758422639642200FBC3F3 /* ServiceLayer.swift */; };
		498758462639646600FBC3F3 /* NetworkError.swift in Sources */ = {isa = PBXBuildFile; fileRef = 498758452639646600FBC3F3 /* NetworkError.swift */; };
		498758492639648300FBC3F3 /* HandleHTTPStatusCode.swift in Sources */ = {isa = PBXBuildFile; fileRef = 498758482639648300FBC3F3 /* HandleHTTPStatusCode.swift */; };
		4987584D26396B3D00FBC3F3 /* WeatherResponse.swift in Sources */ = {isa = PBXBuildFile; fileRef = 4987584C26396B3D00FBC3F3 /* WeatherResponse.swift */; };
		498D64D82637F92300F58D54 /* PopupView.swift in Sources */ = {isa = PBXBuildFile; fileRef = 498D64D72637F92300F58D54 /* PopupView.swift */; };
		499719A026355587007D7BD3 /* PopupViewModel.swift in Sources */ = {isa = PBXBuildFile; fileRef = 4997199F26355587007D7BD3 /* PopupViewModel.swift */; };
		499719A4263555D1007D7BD3 /* PopupViewModelType.swift in Sources */ = {isa = PBXBuildFile; fileRef = 499719A3263555D1007D7BD3 /* PopupViewModelType.swift */; };
		499719A8263566E3007D7BD3 /* LocationDegrees.swift in Sources */ = {isa = PBXBuildFile; fileRef = 499719A7263566E3007D7BD3 /* LocationDegrees.swift */; };
		499719AB26357667007D7BD3 /* WeatherViewController.swift in Sources */ = {isa = PBXBuildFile; fileRef = 499719AA26357667007D7BD3 /* WeatherViewController.swift */; };
		49BFDCE92639A3E200B0B78A /* WeatherView.swift in Sources */ = {isa = PBXBuildFile; fileRef = 49BFDCE82639A3E200B0B78A /* WeatherView.swift */; };
		49BFDCED263A919500B0B78A /* SFProDisplaySemibold.ttf in Resources */ = {isa = PBXBuildFile; fileRef = 49BFDCEC263A919500B0B78A /* SFProDisplaySemibold.ttf */; };
		49BFDCF0263A929400B0B78A /* FontStyle.swift in Sources */ = {isa = PBXBuildFile; fileRef = 49BFDCEF263A929400B0B78A /* FontStyle.swift */; };
		49BFDCF4263A932D00B0B78A /* SFProTextMedium.ttf in Resources */ = {isa = PBXBuildFile; fileRef = 49BFDCF3263A932D00B0B78A /* SFProTextMedium.ttf */; };
		49BFDCF7263A934300B0B78A /* SFProTextRegular.ttf in Resources */ = {isa = PBXBuildFile; fileRef = 49BFDCF6263A934300B0B78A /* SFProTextRegular.ttf */; };
/* End PBXBuildFile section */

/* Begin PBXFileReference section */
		1A4FB42114AD661F94896B4C /* Pods-Weather.debug.xcconfig */ = {isa = PBXFileReference; includeInIndex = 1; lastKnownFileType = text.xcconfig; name = "Pods-Weather.debug.xcconfig"; path = "Target Support Files/Pods-Weather/Pods-Weather.debug.xcconfig"; sourceTree = "<group>"; };
		49044DFF26302F8F0061A719 /* Weather.app */ = {isa = PBXFileReference; explicitFileType = wrapper.application; includeInIndex = 0; path = Weather.app; sourceTree = BUILT_PRODUCTS_DIR; };
		49044E0226302F8F0061A719 /* AppDelegate.swift */ = {isa = PBXFileReference; lastKnownFileType = sourcecode.swift; path = AppDelegate.swift; sourceTree = "<group>"; };
		49044E0426302F8F0061A719 /* SceneDelegate.swift */ = {isa = PBXFileReference; lastKnownFileType = sourcecode.swift; path = SceneDelegate.swift; sourceTree = "<group>"; };
		49044E0626302F8F0061A719 /* MapViewController.swift */ = {isa = PBXFileReference; lastKnownFileType = sourcecode.swift; path = MapViewController.swift; sourceTree = "<group>"; };
		49044E0B26302F900061A719 /* Assets.xcassets */ = {isa = PBXFileReference; lastKnownFileType = folder.assetcatalog; path = Assets.xcassets; sourceTree = "<group>"; };
		49044E0E26302F900061A719 /* Base */ = {isa = PBXFileReference; lastKnownFileType = file.storyboard; name = Base; path = Base.lproj/LaunchScreen.storyboard; sourceTree = "<group>"; };
		49044E1026302F900061A719 /* Info.plist */ = {isa = PBXFileReference; lastKnownFileType = text.plist.xml; path = Info.plist; sourceTree = "<group>"; };
		49044E172630314B0061A719 /* APIKey.swift */ = {isa = PBXFileReference; lastKnownFileType = sourcecode.swift; path = APIKey.swift; sourceTree = "<group>"; };
		49044E2B2630500F0061A719 /* MapViewModel.swift */ = {isa = PBXFileReference; lastKnownFileType = sourcecode.swift; path = MapViewModel.swift; sourceTree = "<group>"; };
		49044E31263051FD0061A719 /* StartCoordinate.swift */ = {isa = PBXFileReference; lastKnownFileType = sourcecode.swift; path = StartCoordinate.swift; sourceTree = "<group>"; };
		491E9E6B263E9F14009AB46E /* MapViewModelType.swift */ = {isa = PBXFileReference; lastKnownFileType = sourcecode.swift; path = MapViewModelType.swift; sourceTree = "<group>"; };
		491E9E6F263EA3D4009AB46E /* AlerService.swift */ = {isa = PBXFileReference; lastKnownFileType = sourcecode.swift; path = AlerService.swift; sourceTree = "<group>"; };
		491E9E72263ED7E5009AB46E /* WeatherIcon.swift */ = {isa = PBXFileReference; lastKnownFileType = sourcecode.swift; path = WeatherIcon.swift; sourceTree = "<group>"; };
		491E9E75263ED7F6009AB46E /* WeatherMain.swift */ = {isa = PBXFileReference; lastKnownFileType = sourcecode.swift; path = WeatherMain.swift; sourceTree = "<group>"; };
		491E9E79263ED811009AB46E /* WeatherWind.swift */ = {isa = PBXFileReference; lastKnownFileType = sourcecode.swift; path = WeatherWind.swift; sourceTree = "<group>"; };
		491E9E7C263ED830009AB46E /* Icon.swift */ = {isa = PBXFileReference; lastKnownFileType = sourcecode.swift; path = Icon.swift; sourceTree = "<group>"; };
		491E9E7F263ED84D009AB46E /* WeatherImage.swift */ = {isa = PBXFileReference; lastKnownFileType = sourcecode.swift; path = WeatherImage.swift; sourceTree = "<group>"; };
		491E9E84263EDF21009AB46E /* CLLocation.swift */ = {isa = PBXFileReference; lastKnownFileType = sourcecode.swift; path = CLLocation.swift; sourceTree = "<group>"; };
		4987583826395FC700FBC3F3 /* WeatherViewModelType.swift */ = {isa = PBXFileReference; lastKnownFileType = sourcecode.swift; path = WeatherViewModelType.swift; sourceTree = "<group>"; };
		4987583B263960F100FBC3F3 /* WeatherViewModel.swift */ = {isa = PBXFileReference; lastKnownFileType = sourcecode.swift; path = WeatherViewModel.swift; sourceTree = "<group>"; };
		4987583F2639621F00FBC3F3 /* Router.swift */ = {isa = PBXFileReference; lastKnownFileType = sourcecode.swift; path = Router.swift; sourceTree = "<group>"; };
		498758422639642200FBC3F3 /* ServiceLayer.swift */ = {isa = PBXFileReference; lastKnownFileType = sourcecode.swift; path = ServiceLayer.swift; sourceTree = "<group>"; };
		498758452639646600FBC3F3 /* NetworkError.swift */ = {isa = PBXFileReference; lastKnownFileType = sourcecode.swift; path = NetworkError.swift; sourceTree = "<group>"; };
		498758482639648300FBC3F3 /* HandleHTTPStatusCode.swift */ = {isa = PBXFileReference; lastKnownFileType = sourcecode.swift; path = HandleHTTPStatusCode.swift; sourceTree = "<group>"; };
		4987584C26396B3D00FBC3F3 /* WeatherResponse.swift */ = {isa = PBXFileReference; lastKnownFileType = sourcecode.swift; path = WeatherResponse.swift; sourceTree = "<group>"; };
		498D64D72637F92300F58D54 /* PopupView.swift */ = {isa = PBXFileReference; lastKnownFileType = sourcecode.swift; path = PopupView.swift; sourceTree = "<group>"; };
		4997199F26355587007D7BD3 /* PopupViewModel.swift */ = {isa = PBXFileReference; lastKnownFileType = sourcecode.swift; path = PopupViewModel.swift; sourceTree = "<group>"; };
		499719A3263555D1007D7BD3 /* PopupViewModelType.swift */ = {isa = PBXFileReference; lastKnownFileType = sourcecode.swift; path = PopupViewModelType.swift; sourceTree = "<group>"; };
		499719A7263566E3007D7BD3 /* LocationDegrees.swift */ = {isa = PBXFileReference; lastKnownFileType = sourcecode.swift; path = LocationDegrees.swift; sourceTree = "<group>"; };
		499719AA26357667007D7BD3 /* WeatherViewController.swift */ = {isa = PBXFileReference; lastKnownFileType = sourcecode.swift; path = WeatherViewController.swift; sourceTree = "<group>"; };
		49BFDCE82639A3E200B0B78A /* WeatherView.swift */ = {isa = PBXFileReference; lastKnownFileType = sourcecode.swift; path = WeatherView.swift; sourceTree = "<group>"; };
		49BFDCEC263A919500B0B78A /* SFProDisplaySemibold.ttf */ = {isa = PBXFileReference; lastKnownFileType = file; path = SFProDisplaySemibold.ttf; sourceTree = "<group>"; };
		49BFDCEF263A929400B0B78A /* FontStyle.swift */ = {isa = PBXFileReference; lastKnownFileType = sourcecode.swift; path = FontStyle.swift; sourceTree = "<group>"; };
		49BFDCF3263A932D00B0B78A /* SFProTextMedium.ttf */ = {isa = PBXFileReference; lastKnownFileType = file; path = SFProTextMedium.ttf; sourceTree = "<group>"; };
		49BFDCF6263A934300B0B78A /* SFProTextRegular.ttf */ = {isa = PBXFileReference; lastKnownFileType = file; path = SFProTextRegular.ttf; sourceTree = "<group>"; };
		911744B6904D13B09BE0E620 /* Pods-Weather.release.xcconfig */ = {isa = PBXFileReference; includeInIndex = 1; lastKnownFileType = text.xcconfig; name = "Pods-Weather.release.xcconfig"; path = "Target Support Files/Pods-Weather/Pods-Weather.release.xcconfig"; sourceTree = "<group>"; };
		F960DCA40D91851FB5D7D5B0 /* Pods_Weather.framework */ = {isa = PBXFileReference; explicitFileType = wrapper.framework; includeInIndex = 0; path = Pods_Weather.framework; sourceTree = BUILT_PRODUCTS_DIR; };
/* End PBXFileReference section */

/* Begin PBXFrameworksBuildPhase section */
		49044DFC26302F8F0061A719 /* Frameworks */ = {
			isa = PBXFrameworksBuildPhase;
			buildActionMask = 2147483647;
			files = (
				48930577D6A567267106FAD3 /* Pods_Weather.framework in Frameworks */,
			);
			runOnlyForDeploymentPostprocessing = 0;
		};
/* End PBXFrameworksBuildPhase section */

/* Begin PBXGroup section */
		49044DF626302F8F0061A719 = {
			isa = PBXGroup;
			children = (
				49044E0126302F8F0061A719 /* Weather */,
				49044E0026302F8F0061A719 /* Products */,
				66B43B84E2F3346F9CAAAA71 /* Pods */,
				C75B09F1F48480D8685610A9 /* Frameworks */,
			);
			sourceTree = "<group>";
		};
		49044E0026302F8F0061A719 /* Products */ = {
			isa = PBXGroup;
			children = (
				49044DFF26302F8F0061A719 /* Weather.app */,
			);
			name = Products;
			sourceTree = "<group>";
		};
		49044E0126302F8F0061A719 /* Weather */ = {
			isa = PBXGroup;
			children = (
				49044E0226302F8F0061A719 /* AppDelegate.swift */,
				49044E0426302F8F0061A719 /* SceneDelegate.swift */,
				49BFDCEB263A917800B0B78A /* Fonts */,
				499719A2263555AD007D7BD3 /* Protocols */,
				49044E2F263050170061A719 /* Model */,
				4987583E2639620F00FBC3F3 /* Network */,
				49044E2A26304FFE0061A719 /* ViewModel */,
				49044E2826304FF80061A719 /* View */,
				49044E0B26302F900061A719 /* Assets.xcassets */,
				49044E0D26302F900061A719 /* LaunchScreen.storyboard */,
				49044E1026302F900061A719 /* Info.plist */,
			);
			path = Weather;
			sourceTree = "<group>";
		};
		49044E2826304FF80061A719 /* View */ = {
			isa = PBXGroup;
			children = (
				49044E0626302F8F0061A719 /* MapViewController.swift */,
				499719AA26357667007D7BD3 /* WeatherViewController.swift */,
				49BFDCE82639A3E200B0B78A /* WeatherView.swift */,
				498D64D72637F92300F58D54 /* PopupView.swift */,
			);
			path = View;
			sourceTree = "<group>";
		};
		49044E2A26304FFE0061A719 /* ViewModel */ = {
			isa = PBXGroup;
			children = (
				49044E2B2630500F0061A719 /* MapViewModel.swift */,
				4987583B263960F100FBC3F3 /* WeatherViewModel.swift */,
				4997199F26355587007D7BD3 /* PopupViewModel.swift */,
			);
			path = ViewModel;
			sourceTree = "<group>";
		};
		49044E2F263050170061A719 /* Model */ = {
			isa = PBXGroup;
			children = (
				49044E172630314B0061A719 /* APIKey.swift */,
				491E9E84263EDF21009AB46E /* CLLocation.swift */,
				49044E31263051FD0061A719 /* StartCoordinate.swift */,
				499719A7263566E3007D7BD3 /* LocationDegrees.swift */,
				491E9E6F263EA3D4009AB46E /* AlerService.swift */,
				4987584C26396B3D00FBC3F3 /* WeatherResponse.swift */,
				491E9E75263ED7F6009AB46E /* WeatherMain.swift */,
				491E9E79263ED811009AB46E /* WeatherWind.swift */,
				491E9E72263ED7E5009AB46E /* WeatherIcon.swift */,
				491E9E7C263ED830009AB46E /* Icon.swift */,
				491E9E7F263ED84D009AB46E /* WeatherImage.swift */,
			);
			path = Model;
			sourceTree = "<group>";
		};
		4987583E2639620F00FBC3F3 /* Network */ = {
			isa = PBXGroup;
			children = (
				498758422639642200FBC3F3 /* ServiceLayer.swift */,
				4987583F2639621F00FBC3F3 /* Router.swift */,
				498758452639646600FBC3F3 /* NetworkError.swift */,
				498758482639648300FBC3F3 /* HandleHTTPStatusCode.swift */,
			);
			path = Network;
			sourceTree = "<group>";
		};
		499719A2263555AD007D7BD3 /* Protocols */ = {
			isa = PBXGroup;
			children = (
				491E9E6B263E9F14009AB46E /* MapViewModelType.swift */,
				4987583826395FC700FBC3F3 /* WeatherViewModelType.swift */,
				499719A3263555D1007D7BD3 /* PopupViewModelType.swift */,
			);
			path = Protocols;
			sourceTree = "<group>";
		};
		49BFDCEB263A917800B0B78A /* Fonts */ = {
			isa = PBXGroup;
			children = (
				49BFDCF3263A932D00B0B78A /* SFProTextMedium.ttf */,
				49BFDCF6263A934300B0B78A /* SFProTextRegular.ttf */,
				49BFDCEC263A919500B0B78A /* SFProDisplaySemibold.ttf */,
				49BFDCEF263A929400B0B78A /* FontStyle.swift */,
			);
			path = Fonts;
			sourceTree = "<group>";
		};
		66B43B84E2F3346F9CAAAA71 /* Pods */ = {
			isa = PBXGroup;
			children = (
				1A4FB42114AD661F94896B4C /* Pods-Weather.debug.xcconfig */,
				911744B6904D13B09BE0E620 /* Pods-Weather.release.xcconfig */,
			);
			path = Pods;
			sourceTree = "<group>";
		};
		C75B09F1F48480D8685610A9 /* Frameworks */ = {
			isa = PBXGroup;
			children = (
				F960DCA40D91851FB5D7D5B0 /* Pods_Weather.framework */,
			);
			name = Frameworks;
			sourceTree = "<group>";
		};
/* End PBXGroup section */

/* Begin PBXNativeTarget section */
		49044DFE26302F8F0061A719 /* Weather */ = {
			isa = PBXNativeTarget;
			buildConfigurationList = 49044E1326302F900061A719 /* Build configuration list for PBXNativeTarget "Weather" */;
			buildPhases = (
				A45CEB9F0F653F25B254E151 /* [CP] Check Pods Manifest.lock */,
				49044DFB26302F8F0061A719 /* Sources */,
				49044DFC26302F8F0061A719 /* Frameworks */,
				49044DFD26302F8F0061A719 /* Resources */,
				A893902750ED673984F2FE00 /* [CP] Embed Pods Frameworks */,
				49044E2526303B620061A719 /* ShellScript */,
			);
			buildRules = (
			);
			dependencies = (
			);
			name = Weather;
			productName = Weather;
			productReference = 49044DFF26302F8F0061A719 /* Weather.app */;
			productType = "com.apple.product-type.application";
		};
/* End PBXNativeTarget section */

/* Begin PBXProject section */
		49044DF726302F8F0061A719 /* Project object */ = {
			isa = PBXProject;
			attributes = {
				LastSwiftUpdateCheck = 1240;
				LastUpgradeCheck = 1240;
				TargetAttributes = {
					49044DFE26302F8F0061A719 = {
						CreatedOnToolsVersion = 12.4;
					};
				};
			};
			buildConfigurationList = 49044DFA26302F8F0061A719 /* Build configuration list for PBXProject "Weather" */;
			compatibilityVersion = "Xcode 9.3";
			developmentRegion = en;
			hasScannedForEncodings = 0;
			knownRegions = (
				en,
				Base,
			);
			mainGroup = 49044DF626302F8F0061A719;
			productRefGroup = 49044E0026302F8F0061A719 /* Products */;
			projectDirPath = "";
			projectRoot = "";
			targets = (
				49044DFE26302F8F0061A719 /* Weather */,
			);
		};
/* End PBXProject section */

/* Begin PBXResourcesBuildPhase section */
		49044DFD26302F8F0061A719 /* Resources */ = {
			isa = PBXResourcesBuildPhase;
			buildActionMask = 2147483647;
			files = (
				49BFDCED263A919500B0B78A /* SFProDisplaySemibold.ttf in Resources */,
				49044E0F26302F900061A719 /* LaunchScreen.storyboard in Resources */,
				49044E0C26302F900061A719 /* Assets.xcassets in Resources */,
				49BFDCF4263A932D00B0B78A /* SFProTextMedium.ttf in Resources */,
				49BFDCF7263A934300B0B78A /* SFProTextRegular.ttf in Resources */,
			);
			runOnlyForDeploymentPostprocessing = 0;
		};
/* End PBXResourcesBuildPhase section */

/* Begin PBXShellScriptBuildPhase section */
		49044E2526303B620061A719 /* ShellScript */ = {
			isa = PBXShellScriptBuildPhase;
			alwaysOutOfDate = 1;
			buildActionMask = 2147483647;
			files = (
			);
			inputFileListPaths = (
			);
			inputPaths = (
			);
			outputFileListPaths = (
			);
			outputPaths = (
			);
			runOnlyForDeploymentPostprocessing = 0;
			shellPath = /bin/sh;
			shellScript = "# Type a script or drag a script file from your workspace to insert its path.\nif which swiftlint >/dev/null; then\n  swiftlint\nelse\n  echo \"warning: SwiftLint not installed, download from https://github.com/realm/SwiftLint\"\nfi\n";
		};
		A45CEB9F0F653F25B254E151 /* [CP] Check Pods Manifest.lock */ = {
			isa = PBXShellScriptBuildPhase;
			buildActionMask = 2147483647;
			files = (
			);
			inputFileListPaths = (
			);
			inputPaths = (
				"${PODS_PODFILE_DIR_PATH}/Podfile.lock",
				"${PODS_ROOT}/Manifest.lock",
			);
			name = "[CP] Check Pods Manifest.lock";
			outputFileListPaths = (
			);
			outputPaths = (
				"$(DERIVED_FILE_DIR)/Pods-Weather-checkManifestLockResult.txt",
			);
			runOnlyForDeploymentPostprocessing = 0;
			shellPath = /bin/sh;
			shellScript = "diff \"${PODS_PODFILE_DIR_PATH}/Podfile.lock\" \"${PODS_ROOT}/Manifest.lock\" > /dev/null\nif [ $? != 0 ] ; then\n    # print error to STDERR\n    echo \"error: The sandbox is not in sync with the Podfile.lock. Run 'pod install' or update your CocoaPods installation.\" >&2\n    exit 1\nfi\n# This output is used by Xcode 'outputs' to avoid re-running this script phase.\necho \"SUCCESS\" > \"${SCRIPT_OUTPUT_FILE_0}\"\n";
			showEnvVarsInLog = 0;
		};
		A893902750ED673984F2FE00 /* [CP] Embed Pods Frameworks */ = {
			isa = PBXShellScriptBuildPhase;
			buildActionMask = 2147483647;
			files = (
			);
			inputFileListPaths = (
				"${PODS_ROOT}/Target Support Files/Pods-Weather/Pods-Weather-frameworks-${CONFIGURATION}-input-files.xcfilelist",
			);
			name = "[CP] Embed Pods Frameworks";
			outputFileListPaths = (
				"${PODS_ROOT}/Target Support Files/Pods-Weather/Pods-Weather-frameworks-${CONFIGURATION}-output-files.xcfilelist",
			);
			runOnlyForDeploymentPostprocessing = 0;
			shellPath = /bin/sh;
			shellScript = "\"${PODS_ROOT}/Target Support Files/Pods-Weather/Pods-Weather-frameworks.sh\"\n";
			showEnvVarsInLog = 0;
		};
/* End PBXShellScriptBuildPhase section */

/* Begin PBXSourcesBuildPhase section */
		49044DFB26302F8F0061A719 /* Sources */ = {
			isa = PBXSourcesBuildPhase;
			buildActionMask = 2147483647;
			files = (
				49044E0726302F8F0061A719 /* MapViewController.swift in Sources */,
				498758462639646600FBC3F3 /* NetworkError.swift in Sources */,
				491E9E73263ED7E5009AB46E /* WeatherIcon.swift in Sources */,
				491E9E85263EDF21009AB46E /* CLLocation.swift in Sources */,
				4987583C263960F100FBC3F3 /* WeatherViewModel.swift in Sources */,
				49044E2C2630500F0061A719 /* MapViewModel.swift in Sources */,
				4987584D26396B3D00FBC3F3 /* WeatherResponse.swift in Sources */,
				49044E0326302F8F0061A719 /* AppDelegate.swift in Sources */,
				4987583926395FC700FBC3F3 /* WeatherViewModelType.swift in Sources */,
				49BFDCE92639A3E200B0B78A /* WeatherView.swift in Sources */,
				491E9E76263ED7F6009AB46E /* WeatherMain.swift in Sources */,
				49044E182630314B0061A719 /* APIKey.swift in Sources */,
				499719A4263555D1007D7BD3 /* PopupViewModelType.swift in Sources */,
				491E9E7A263ED811009AB46E /* WeatherWind.swift in Sources */,
				49044E32263051FD0061A719 /* StartCoordinate.swift in Sources */,
				491E9E70263EA3D4009AB46E /* AlerService.swift in Sources */,
				498758492639648300FBC3F3 /* HandleHTTPStatusCode.swift in Sources */,
				49BFDCF0263A929400B0B78A /* FontStyle.swift in Sources */,
				49044E0526302F8F0061A719 /* SceneDelegate.swift in Sources */,
				499719A8263566E3007D7BD3 /* LocationDegrees.swift in Sources */,
				498758432639642200FBC3F3 /* ServiceLayer.swift in Sources */,
				498758402639621F00FBC3F3 /* Router.swift in Sources */,
				499719A026355587007D7BD3 /* PopupViewModel.swift in Sources */,
				491E9E7D263ED830009AB46E /* Icon.swift in Sources */,
				498D64D82637F92300F58D54 /* PopupView.swift in Sources */,
				499719AB26357667007D7BD3 /* WeatherViewController.swift in Sources */,
				491E9E6C263E9F14009AB46E /* MapViewModelType.swift in Sources */,
				491E9E80263ED84D009AB46E /* WeatherImage.swift in Sources */,
			);
			runOnlyForDeploymentPostprocessing = 0;
		};
/* End PBXSourcesBuildPhase section */

/* Begin PBXVariantGroup section */
		49044E0D26302F900061A719 /* LaunchScreen.storyboard */ = {
			isa = PBXVariantGroup;
			children = (
				49044E0E26302F900061A719 /* Base */,
			);
			name = LaunchScreen.storyboard;
			sourceTree = "<group>";
		};
/* End PBXVariantGroup section */

/* Begin XCBuildConfiguration section */
		49044E1126302F900061A719 /* Debug */ = {
			isa = XCBuildConfiguration;
			buildSettings = {
				ALWAYS_SEARCH_USER_PATHS = NO;
				CLANG_ANALYZER_NONNULL = YES;
				CLANG_ANALYZER_NUMBER_OBJECT_CONVERSION = YES_AGGRESSIVE;
				CLANG_CXX_LANGUAGE_STANDARD = "gnu++14";
				CLANG_CXX_LIBRARY = "libc++";
				CLANG_ENABLE_MODULES = YES;
				CLANG_ENABLE_OBJC_ARC = YES;
				CLANG_ENABLE_OBJC_WEAK = YES;
				CLANG_WARN_BLOCK_CAPTURE_AUTORELEASING = YES;
				CLANG_WARN_BOOL_CONVERSION = YES;
				CLANG_WARN_COMMA = YES;
				CLANG_WARN_CONSTANT_CONVERSION = YES;
				CLANG_WARN_DEPRECATED_OBJC_IMPLEMENTATIONS = YES;
				CLANG_WARN_DIRECT_OBJC_ISA_USAGE = YES_ERROR;
				CLANG_WARN_DOCUMENTATION_COMMENTS = YES;
				CLANG_WARN_EMPTY_BODY = YES;
				CLANG_WARN_ENUM_CONVERSION = YES;
				CLANG_WARN_INFINITE_RECURSION = YES;
				CLANG_WARN_INT_CONVERSION = YES;
				CLANG_WARN_NON_LITERAL_NULL_CONVERSION = YES;
				CLANG_WARN_OBJC_IMPLICIT_RETAIN_SELF = YES;
				CLANG_WARN_OBJC_LITERAL_CONVERSION = YES;
				CLANG_WARN_OBJC_ROOT_CLASS = YES_ERROR;
				CLANG_WARN_QUOTED_INCLUDE_IN_FRAMEWORK_HEADER = YES;
				CLANG_WARN_RANGE_LOOP_ANALYSIS = YES;
				CLANG_WARN_STRICT_PROTOTYPES = YES;
				CLANG_WARN_SUSPICIOUS_MOVE = YES;
				CLANG_WARN_UNGUARDED_AVAILABILITY = YES_AGGRESSIVE;
				CLANG_WARN_UNREACHABLE_CODE = YES;
				CLANG_WARN__DUPLICATE_METHOD_MATCH = YES;
				COPY_PHASE_STRIP = NO;
				DEBUG_INFORMATION_FORMAT = dwarf;
				ENABLE_STRICT_OBJC_MSGSEND = YES;
				ENABLE_TESTABILITY = YES;
				GCC_C_LANGUAGE_STANDARD = gnu11;
				GCC_DYNAMIC_NO_PIC = NO;
				GCC_NO_COMMON_BLOCKS = YES;
				GCC_OPTIMIZATION_LEVEL = 0;
				GCC_PREPROCESSOR_DEFINITIONS = (
					"DEBUG=1",
					"$(inherited)",
				);
				GCC_WARN_64_TO_32_BIT_CONVERSION = YES;
				GCC_WARN_ABOUT_RETURN_TYPE = YES_ERROR;
				GCC_WARN_UNDECLARED_SELECTOR = YES;
				GCC_WARN_UNINITIALIZED_AUTOS = YES_AGGRESSIVE;
				GCC_WARN_UNUSED_FUNCTION = YES;
				GCC_WARN_UNUSED_VARIABLE = YES;
				IPHONEOS_DEPLOYMENT_TARGET = 14.4;
				MTL_ENABLE_DEBUG_INFO = INCLUDE_SOURCE;
				MTL_FAST_MATH = YES;
				ONLY_ACTIVE_ARCH = YES;
				SDKROOT = iphoneos;
				SWIFT_ACTIVE_COMPILATION_CONDITIONS = DEBUG;
				SWIFT_OPTIMIZATION_LEVEL = "-Onone";
			};
			name = Debug;
		};
		49044E1226302F900061A719 /* Release */ = {
			isa = XCBuildConfiguration;
			buildSettings = {
				ALWAYS_SEARCH_USER_PATHS = NO;
				CLANG_ANALYZER_NONNULL = YES;
				CLANG_ANALYZER_NUMBER_OBJECT_CONVERSION = YES_AGGRESSIVE;
				CLANG_CXX_LANGUAGE_STANDARD = "gnu++14";
				CLANG_CXX_LIBRARY = "libc++";
				CLANG_ENABLE_MODULES = YES;
				CLANG_ENABLE_OBJC_ARC = YES;
				CLANG_ENABLE_OBJC_WEAK = YES;
				CLANG_WARN_BLOCK_CAPTURE_AUTORELEASING = YES;
				CLANG_WARN_BOOL_CONVERSION = YES;
				CLANG_WARN_COMMA = YES;
				CLANG_WARN_CONSTANT_CONVERSION = YES;
				CLANG_WARN_DEPRECATED_OBJC_IMPLEMENTATIONS = YES;
				CLANG_WARN_DIRECT_OBJC_ISA_USAGE = YES_ERROR;
				CLANG_WARN_DOCUMENTATION_COMMENTS = YES;
				CLANG_WARN_EMPTY_BODY = YES;
				CLANG_WARN_ENUM_CONVERSION = YES;
				CLANG_WARN_INFINITE_RECURSION = YES;
				CLANG_WARN_INT_CONVERSION = YES;
				CLANG_WARN_NON_LITERAL_NULL_CONVERSION = YES;
				CLANG_WARN_OBJC_IMPLICIT_RETAIN_SELF = YES;
				CLANG_WARN_OBJC_LITERAL_CONVERSION = YES;
				CLANG_WARN_OBJC_ROOT_CLASS = YES_ERROR;
				CLANG_WARN_QUOTED_INCLUDE_IN_FRAMEWORK_HEADER = YES;
				CLANG_WARN_RANGE_LOOP_ANALYSIS = YES;
				CLANG_WARN_STRICT_PROTOTYPES = YES;
				CLANG_WARN_SUSPICIOUS_MOVE = YES;
				CLANG_WARN_UNGUARDED_AVAILABILITY = YES_AGGRESSIVE;
				CLANG_WARN_UNREACHABLE_CODE = YES;
				CLANG_WARN__DUPLICATE_METHOD_MATCH = YES;
				COPY_PHASE_STRIP = NO;
				DEBUG_INFORMATION_FORMAT = "dwarf-with-dsym";
				ENABLE_NS_ASSERTIONS = NO;
				ENABLE_STRICT_OBJC_MSGSEND = YES;
				GCC_C_LANGUAGE_STANDARD = gnu11;
				GCC_NO_COMMON_BLOCKS = YES;
				GCC_WARN_64_TO_32_BIT_CONVERSION = YES;
				GCC_WARN_ABOUT_RETURN_TYPE = YES_ERROR;
				GCC_WARN_UNDECLARED_SELECTOR = YES;
				GCC_WARN_UNINITIALIZED_AUTOS = YES_AGGRESSIVE;
				GCC_WARN_UNUSED_FUNCTION = YES;
				GCC_WARN_UNUSED_VARIABLE = YES;
				IPHONEOS_DEPLOYMENT_TARGET = 14.4;
				MTL_ENABLE_DEBUG_INFO = NO;
				MTL_FAST_MATH = YES;
				SDKROOT = iphoneos;
				SWIFT_COMPILATION_MODE = wholemodule;
				SWIFT_OPTIMIZATION_LEVEL = "-O";
				VALIDATE_PRODUCT = YES;
			};
			name = Release;
		};
		49044E1426302F900061A719 /* Debug */ = {
			isa = XCBuildConfiguration;
			baseConfigurationReference = 1A4FB42114AD661F94896B4C /* Pods-Weather.debug.xcconfig */;
			buildSettings = {
				ASSETCATALOG_COMPILER_APPICON_NAME = AppIcon;
				ASSETCATALOG_COMPILER_GLOBAL_ACCENT_COLOR_NAME = AccentColor;
				CODE_SIGN_STYLE = Automatic;
				DEVELOPMENT_TEAM = TCNB8WT23T;
				INFOPLIST_FILE = Weather/Info.plist;
				LD_RUNPATH_SEARCH_PATHS = (
					"$(inherited)",
					"@executable_path/Frameworks",
				);
				PRODUCT_BUNDLE_IDENTIFIER = com.hhp5.Weather;
				PRODUCT_NAME = "$(TARGET_NAME)";
				SWIFT_VERSION = 5.0;
				TARGETED_DEVICE_FAMILY = "1,2";
			};
			name = Debug;
		};
		49044E1526302F900061A719 /* Release */ = {
			isa = XCBuildConfiguration;
			baseConfigurationReference = 911744B6904D13B09BE0E620 /* Pods-Weather.release.xcconfig */;
			buildSettings = {
				ASSETCATALOG_COMPILER_APPICON_NAME = AppIcon;
				ASSETCATALOG_COMPILER_GLOBAL_ACCENT_COLOR_NAME = AccentColor;
				CODE_SIGN_STYLE = Automatic;
				DEVELOPMENT_TEAM = TCNB8WT23T;
				INFOPLIST_FILE = Weather/Info.plist;
				LD_RUNPATH_SEARCH_PATHS = (
					"$(inherited)",
					"@executable_path/Frameworks",
				);
				PRODUCT_BUNDLE_IDENTIFIER = com.hhp5.Weather;
				PRODUCT_NAME = "$(TARGET_NAME)";
				SWIFT_VERSION = 5.0;
				TARGETED_DEVICE_FAMILY = "1,2";
			};
			name = Release;
		};
/* End XCBuildConfiguration section */

/* Begin XCConfigurationList section */
		49044DFA26302F8F0061A719 /* Build configuration list for PBXProject "Weather" */ = {
			isa = XCConfigurationList;
			buildConfigurations = (
				49044E1126302F900061A719 /* Debug */,
				49044E1226302F900061A719 /* Release */,
			);
			defaultConfigurationIsVisible = 0;
			defaultConfigurationName = Release;
		};
		49044E1326302F900061A719 /* Build configuration list for PBXNativeTarget "Weather" */ = {
			isa = XCConfigurationList;
			buildConfigurations = (
				49044E1426302F900061A719 /* Debug */,
				49044E1526302F900061A719 /* Release */,
			);
			defaultConfigurationIsVisible = 0;
			defaultConfigurationName = Release;
		};
/* End XCConfigurationList section */
	};
	rootObject = 49044DF726302F8F0061A719 /* Project object */;
}
